// !$*UTF8*$!
{
	archiveVersion = 1;
	classes = {
	};
	objectVersion = 46;
	objects = {

/* Begin PBXBuildFile section */
		A3B581101CD0410200334D11 /* RNGcmIOS.h in CopyFiles */ = {isa = PBXBuildFile; fileRef = A3B5810F1CD0410200334D11 /* RNGcmIOS.h */; };
		A3B581121CD0410200334D11 /* RNGcmIOS.m in Sources */ = {isa = PBXBuildFile; fileRef = A3B581111CD0410200334D11 /* RNGcmIOS.m */; };
/* End PBXBuildFile section */

/* Begin PBXCopyFilesBuildPhase section */
		A3B5810A1CD0410200334D11 /* CopyFiles */ = {
			isa = PBXCopyFilesBuildPhase;
			buildActionMask = 2147483647;
			dstPath = "include/$(PRODUCT_NAME)";
			dstSubfolderSpec = 16;
			files = (
				A3B581101CD0410200334D11 /* RNGcmIOS.h in CopyFiles */,
			);
			runOnlyForDeploymentPostprocessing = 0;
		};
/* End PBXCopyFilesBuildPhase section */

/* Begin PBXFileReference section */
		A3B5810C1CD0410200334D11 /* libRNGcmIOS.a */ = {isa = PBXFileReference; explicitFileType = archive.ar; includeInIndex = 0; path = libRNGcmIOS.a; sourceTree = BUILT_PRODUCTS_DIR; };
		A3B5810F1CD0410200334D11 /* RNGcmIOS.h */ = {isa = PBXFileReference; lastKnownFileType = sourcecode.c.h; path = RNGcmIOS.h; sourceTree = "<group>"; };
		A3B581111CD0410200334D11 /* RNGcmIOS.m */ = {isa = PBXFileReference; lastKnownFileType = sourcecode.c.objc; path = RNGcmIOS.m; sourceTree = "<group>"; };
/* End PBXFileReference section */

/* Begin PBXFrameworksBuildPhase section */
		A3B581091CD0410200334D11 /* Frameworks */ = {
			isa = PBXFrameworksBuildPhase;
			buildActionMask = 2147483647;
			files = (
			);
			runOnlyForDeploymentPostprocessing = 0;
		};
/* End PBXFrameworksBuildPhase section */

/* Begin PBXGroup section */
		A3B581031CD0410200334D11 = {
			isa = PBXGroup;
			children = (
				A3B5810E1CD0410200334D11 /* RNGcmIOS */,
				A3B5810D1CD0410200334D11 /* Products */,
			);
			sourceTree = "<group>";
		};
		A3B5810D1CD0410200334D11 /* Products */ = {
			isa = PBXGroup;
			children = (
				A3B5810C1CD0410200334D11 /* libRNGcmIOS.a */,
			);
			name = Products;
			sourceTree = "<group>";
		};
		A3B5810E1CD0410200334D11 /* RNGcmIOS */ = {
			isa = PBXGroup;
			children = (
				A3B5810F1CD0410200334D11 /* RNGcmIOS.h */,
				A3B581111CD0410200334D11 /* RNGcmIOS.m */,
			);
			path = RNGcmIOS;
			sourceTree = "<group>";
		};
/* End PBXGroup section */

/* Begin PBXNativeTarget section */
		A3B5810B1CD0410200334D11 /* RNGcmIOS */ = {
			isa = PBXNativeTarget;
			buildConfigurationList = A3B581151CD0410200334D11 /* Build configuration list for PBXNativeTarget "RNGcmIOS" */;
			buildPhases = (
				A3B581081CD0410200334D11 /* Sources */,
				A3B581091CD0410200334D11 /* Frameworks */,
				A3B5810A1CD0410200334D11 /* CopyFiles */,
			);
			buildRules = (
			);
			dependencies = (
			);
			name = RNGcmIOS;
			productName = RNGcmIOS;
			productReference = A3B5810C1CD0410200334D11 /* libRNGcmIOS.a */;
			productType = "com.apple.product-type.library.static";
		};
/* End PBXNativeTarget section */

/* Begin PBXProject section */
		A3B581041CD0410200334D11 /* Project object */ = {
			isa = PBXProject;
			attributes = {
				LastUpgradeCheck = 0730;
				ORGANIZATIONNAME = "Connor McEwen";
				TargetAttributes = {
					A3B5810B1CD0410200334D11 = {
						CreatedOnToolsVersion = 7.3;
					};
				};
			};
			buildConfigurationList = A3B581071CD0410200334D11 /* Build configuration list for PBXProject "RNGcmIOS" */;
			compatibilityVersion = "Xcode 3.2";
			developmentRegion = English;
			hasScannedForEncodings = 0;
			knownRegions = (
				en,
			);
			mainGroup = A3B581031CD0410200334D11;
			productRefGroup = A3B5810D1CD0410200334D11 /* Products */;
			projectDirPath = "";
			projectRoot = "";
			targets = (
				A3B5810B1CD0410200334D11 /* RNGcmIOS */,
			);
		};
/* End PBXProject section */

/* Begin PBXSourcesBuildPhase section */
		A3B581081CD0410200334D11 /* Sources */ = {
			isa = PBXSourcesBuildPhase;
			buildActionMask = 2147483647;
			files = (
				A3B581121CD0410200334D11 /* RNGcmIOS.m in Sources */,
			);
			runOnlyForDeploymentPostprocessing = 0;
		};
/* End PBXSourcesBuildPhase section */

/* Begin XCBuildConfiguration section */
		A3B581131CD0410200334D11 /* Debug */ = {
			isa = XCBuildConfiguration;
			buildSettings = {
				ALWAYS_SEARCH_USER_PATHS = NO;
				CLANG_ANALYZER_NONNULL = YES;
				CLANG_CXX_LANGUAGE_STANDARD = "gnu++0x";
				CLANG_CXX_LIBRARY = "libc++";
				CLANG_ENABLE_MODULES = YES;
				CLANG_ENABLE_OBJC_ARC = YES;
				CLANG_WARN_BOOL_CONVERSION = YES;
				CLANG_WARN_CONSTANT_CONVERSION = YES;
				CLANG_WARN_DIRECT_OBJC_ISA_USAGE = YES_ERROR;
				CLANG_WARN_EMPTY_BODY = YES;
				CLANG_WARN_ENUM_CONVERSION = YES;
				CLANG_WARN_INT_CONVERSION = YES;
				CLANG_WARN_OBJC_ROOT_CLASS = YES_ERROR;
				CLANG_WARN_UNREACHABLE_CODE = YES;
				CLANG_WARN__DUPLICATE_METHOD_MATCH = YES;
				"CODE_SIGN_IDENTITY[sdk=iphoneos*]" = "iPhone Developer";
				COPY_PHASE_STRIP = NO;
				DEBUG_INFORMATION_FORMAT = dwarf;
				ENABLE_STRICT_OBJC_MSGSEND = YES;
				ENABLE_TESTABILITY = YES;
				GCC_C_LANGUAGE_STANDARD = gnu99;
				GCC_DYNAMIC_NO_PIC = NO;
				GCC_NO_COMMON_BLOCKS = YES;
				GCC_OPTIMIZATION_LEVEL = 0;
				GCC_PREPROCESSOR_DEFINITIONS = (
					"DEBUG=1",
					"$(inherited)",
				);
				GCC_WARN_64_TO_32_BIT_CONVERSION = YES;
				GCC_WARN_ABOUT_RETURN_TYPE = YES_ERROR;
				GCC_WARN_UNDECLARED_SELECTOR = YES;
				GCC_WARN_UNINITIALIZED_AUTOS = YES_AGGRESSIVE;
				GCC_WARN_UNUSED_FUNCTION = YES;
				GCC_WARN_UNUSED_VARIABLE = YES;
				IPHONEOS_DEPLOYMENT_TARGET = 9.3;
				MTL_ENABLE_DEBUG_INFO = YES;
				ONLY_ACTIVE_ARCH = YES;
				SDKROOT = iphoneos;
			};
			name = Debug;
		};
		A3B581141CD0410200334D11 /* Release */ = {
			isa = XCBuildConfiguration;
			buildSettings = {
				ALWAYS_SEARCH_USER_PATHS = NO;
				CLANG_ANALYZER_NONNULL = YES;
				CLANG_CXX_LANGUAGE_STANDARD = "gnu++0x";
				CLANG_CXX_LIBRARY = "libc++";
				CLANG_ENABLE_MODULES = YES;
				CLANG_ENABLE_OBJC_ARC = YES;
				CLANG_WARN_BOOL_CONVERSION = YES;
				CLANG_WARN_CONSTANT_CONVERSION = YES;
				CLANG_WARN_DIRECT_OBJC_ISA_USAGE = YES_ERROR;
				CLANG_WARN_EMPTY_BODY = YES;
				CLANG_WARN_ENUM_CONVERSION = YES;
				CLANG_WARN_INT_CONVERSION = YES;
				CLANG_WARN_OBJC_ROOT_CLASS = YES_ERROR;
				CLANG_WARN_UNREACHABLE_CODE = YES;
				CLANG_WARN__DUPLICATE_METHOD_MATCH = YES;
				"CODE_SIGN_IDENTITY[sdk=iphoneos*]" = "iPhone Developer";
				COPY_PHASE_STRIP = NO;
				DEBUG_INFORMATION_FORMAT = "dwarf-with-dsym";
				ENABLE_NS_ASSERTIONS = NO;
				ENABLE_STRICT_OBJC_MSGSEND = YES;
				GCC_C_LANGUAGE_STANDARD = gnu99;
				GCC_NO_COMMON_BLOCKS = YES;
				GCC_WARN_64_TO_32_BIT_CONVERSION = YES;
				GCC_WARN_ABOUT_RETURN_TYPE = YES_ERROR;
				GCC_WARN_UNDECLARED_SELECTOR = YES;
				GCC_WARN_UNINITIALIZED_AUTOS = YES_AGGRESSIVE;
				GCC_WARN_UNUSED_FUNCTION = YES;
				GCC_WARN_UNUSED_VARIABLE = YES;
				IPHONEOS_DEPLOYMENT_TARGET = 9.3;
				MTL_ENABLE_DEBUG_INFO = NO;
				SDKROOT = iphoneos;
				VALIDATE_PRODUCT = YES;
			};
			name = Release;
		};
		A3B581161CD0410200334D11 /* Debug */ = {
			isa = XCBuildConfiguration;
			buildSettings = {
				OTHER_LDFLAGS = "-ObjC";
				PRODUCT_NAME = "$(TARGET_NAME)";
				SKIP_INSTALL = YES;
			};
			name = Debug;
		};
		A3B581171CD0410200334D11 /* Release */ = {
			isa = XCBuildConfiguration;
			buildSettings = {
				OTHER_LDFLAGS = "-ObjC";
				PRODUCT_NAME = "$(TARGET_NAME)";
				SKIP_INSTALL = YES;
			};
			name = Release;
		};
/* End XCBuildConfiguration section */

/* Begin XCConfigurationList section */
		A3B581071CD0410200334D11 /* Build configuration list for PBXProject "RNGcmIOS" */ = {
			isa = XCConfigurationList;
			buildConfigurations = (
				A3B581131CD0410200334D11 /* Debug */,
				A3B581141CD0410200334D11 /* Release */,
			);
			defaultConfigurationIsVisible = 0;
			defaultConfigurationName = Release;
		};
		A3B581151CD0410200334D11 /* Build configuration list for PBXNativeTarget "RNGcmIOS" */ = {
			isa = XCConfigurationList;
			buildConfigurations = (
				A3B581161CD0410200334D11 /* Debug */,
				A3B581171CD0410200334D11 /* Release */,
			);
			defaultConfigurationIsVisible = 0;
		};
/* End XCConfigurationList section */
	};
	rootObject = A3B581041CD0410200334D11 /* Project object */;
}
